// !$*UTF8*$!
{
	archiveVersion = 1;
	classes = {
	};
	objectVersion = 77;
	objects = {

/* Begin PBXBuildFile section */
		007B52BD10B66D437AF6B355 /* NordicDFU in Frameworks */ = {isa = PBXBuildFile; productRef = F62D4B3AF2313FA9AD58A745 /* NordicDFU */; };
		036B083DE6DD6BEACF8E419E /* SwitchProtocol.swift in Sources */ = {isa = PBXBuildFile; fileRef = 2C32B3FA2FD849DCB79B61B6 /* SwitchProtocol.swift */; };
		3E4CF55BA1EBA88D9DA6B39E /* Assets.xcassets in Resources */ = {isa = PBXBuildFile; fileRef = FFAC392F7C164481C07461C7 /* Assets.xcassets */; };
		6215E4B65A1DCE1FBB311C91 /* FirmwareUpdateView.swift in Sources */ = {isa = PBXBuildFile; fileRef = E7738D658A7B6869BEFDE1FD /* FirmwareUpdateView.swift */; };
		761312925EE25C45EEA4C8E7 /* DFUManager.swift in Sources */ = {isa = PBXBuildFile; fileRef = AD8D5556968F345108BD6D89 /* DFUManager.swift */; };
		7A3AFCDF2DC4D78CE88AFE32 /* ScanView.swift in Sources */ = {isa = PBXBuildFile; fileRef = 5FECEC9A336434EFAA05D904 /* ScanView.swift */; };
		9E33BB467786290E118CBC12 /* Components.swift in Sources */ = {isa = PBXBuildFile; fileRef = 62292B45A9F508AFAF821E4C /* Components.swift */; };
		C9F32D74D93052074D68A9F1 /* DeviceView.swift in Sources */ = {isa = PBXBuildFile; fileRef = 73F95D8D9CC2FC0C91D9E4D9 /* DeviceView.swift */; };
		E1D7E299F28735DCD9C5608B /* ReleaseChecker.swift in Sources */ = {isa = PBXBuildFile; fileRef = FF01F96514096682F73161F9 /* ReleaseChecker.swift */; };
		F1C4A4D120E1B760E9DDB1E3 /* SwitchManager.swift in Sources */ = {isa = PBXBuildFile; fileRef = 1F907B30B197EF87291DA686 /* SwitchManager.swift */; };
		FB0BD98F0844C4CD0F8F8FF0 /* OpenAdaptiveSwitchApp.swift in Sources */ = {isa = PBXBuildFile; fileRef = 71CCACCA62FA0F2CB32BEA01 /* OpenAdaptiveSwitchApp.swift */; };
		FEBC219EC44B71AFB7685CAC /* SlotEditor.swift in Sources */ = {isa = PBXBuildFile; fileRef = 9623B825926E47F445658EB7 /* SlotEditor.swift */; };
/* End PBXBuildFile section */

/* Begin PBXFileReference section */
		1F907B30B197EF87291DA686 /* SwitchManager.swift */ = {isa = PBXFileReference; lastKnownFileType = sourcecode.swift; path = SwitchManager.swift; sourceTree = "<group>"; };
		2C32B3FA2FD849DCB79B61B6 /* SwitchProtocol.swift */ = {isa = PBXFileReference; lastKnownFileType = sourcecode.swift; path = SwitchProtocol.swift; sourceTree = "<group>"; };
		5FECEC9A336434EFAA05D904 /* ScanView.swift */ = {isa = PBXFileReference; lastKnownFileType = sourcecode.swift; path = ScanView.swift; sourceTree = "<group>"; };
		62292B45A9F508AFAF821E4C /* Components.swift */ = {isa = PBXFileReference; lastKnownFileType = sourcecode.swift; path = Components.swift; sourceTree = "<group>"; };
		71CCACCA62FA0F2CB32BEA01 /* OpenAdaptiveSwitchApp.swift */ = {isa = PBXFileReference; lastKnownFileType = sourcecode.swift; path = OpenAdaptiveSwitchApp.swift; sourceTree = "<group>"; };
		73F95D8D9CC2FC0C91D9E4D9 /* DeviceView.swift */ = {isa = PBXFileReference; lastKnownFileType = sourcecode.swift; path = DeviceView.swift; sourceTree = "<group>"; };
		9623B825926E47F445658EB7 /* SlotEditor.swift */ = {isa = PBXFileReference; lastKnownFileType = sourcecode.swift; path = SlotEditor.swift; sourceTree = "<group>"; };
		AD8D5556968F345108BD6D89 /* DFUManager.swift */ = {isa = PBXFileReference; lastKnownFileType = sourcecode.swift; path = DFUManager.swift; sourceTree = "<group>"; };
		B65FE628B01EF506C0A7AFE1 /* OpenAdaptiveSwitch.app */ = {isa = PBXFileReference; explicitFileType = wrapper.application; includeInIndex = 0; path = OpenAdaptiveSwitch.app; sourceTree = BUILT_PRODUCTS_DIR; };
		E7738D658A7B6869BEFDE1FD /* FirmwareUpdateView.swift */ = {isa = PBXFileReference; lastKnownFileType = sourcecode.swift; path = FirmwareUpdateView.swift; sourceTree = "<group>"; };
		FF01F96514096682F73161F9 /* ReleaseChecker.swift */ = {isa = PBXFileReference; lastKnownFileType = sourcecode.swift; path = ReleaseChecker.swift; sourceTree = "<group>"; };
		FFAC392F7C164481C07461C7 /* Assets.xcassets */ = {isa = PBXFileReference; lastKnownFileType = folder.assetcatalog; path = Assets.xcassets; sourceTree = "<group>"; };
/* End PBXFileReference section */

/* Begin PBXFrameworksBuildPhase section */
		0FED895413B4C698A1D4273D /* Frameworks */ = {
			isa = PBXFrameworksBuildPhase;
			buildActionMask = 2147483647;
			files = (
				007B52BD10B66D437AF6B355 /* NordicDFU in Frameworks */,
			);
			runOnlyForDeploymentPostprocessing = 0;
		};
/* End PBXFrameworksBuildPhase section */

/* Begin PBXGroup section */
		6494C1A78FD4F57C835DF501 /* Model */ = {
			isa = PBXGroup;
			children = (
				AD8D5556968F345108BD6D89 /* DFUManager.swift */,
				FF01F96514096682F73161F9 /* ReleaseChecker.swift */,
				1F907B30B197EF87291DA686 /* SwitchManager.swift */,
				2C32B3FA2FD849DCB79B61B6 /* SwitchProtocol.swift */,
			);
			path = Model;
			sourceTree = "<group>";
		};
		762357E859866B5872A9FA10 /* Products */ = {
			isa = PBXGroup;
			children = (
				B65FE628B01EF506C0A7AFE1 /* OpenAdaptiveSwitch.app */,
			);
			name = Products;
			sourceTree = "<group>";
		};
		8F21E7176DA3A386F35F4908 = {
			isa = PBXGroup;
			children = (
				B257A3D635BAD680DBC4E490 /* Sources */,
				762357E859866B5872A9FA10 /* Products */,
			);
			sourceTree = "<group>";
		};
		B257A3D635BAD680DBC4E490 /* Sources */ = {
			isa = PBXGroup;
			children = (
				FFAC392F7C164481C07461C7 /* Assets.xcassets */,
				71CCACCA62FA0F2CB32BEA01 /* OpenAdaptiveSwitchApp.swift */,
				6494C1A78FD4F57C835DF501 /* Model */,
				FDEC299329CA49C93E59CA69 /* Views */,
			);
			path = Sources;
			sourceTree = "<group>";
		};
		FDEC299329CA49C93E59CA69 /* Views */ = {
			isa = PBXGroup;
			children = (
				62292B45A9F508AFAF821E4C /* Components.swift */,
				73F95D8D9CC2FC0C91D9E4D9 /* DeviceView.swift */,
				E7738D658A7B6869BEFDE1FD /* FirmwareUpdateView.swift */,
				5FECEC9A336434EFAA05D904 /* ScanView.swift */,
				9623B825926E47F445658EB7 /* SlotEditor.swift */,
			);
			path = Views;
			sourceTree = "<group>";
		};
/* End PBXGroup section */

/* Begin PBXNativeTarget section */
		CC2DF5A0BC1A28B9D6D33857 /* OpenAdaptiveSwitch */ = {
			isa = PBXNativeTarget;
			buildConfigurationList = 5281ECDF987D2F781B1298B7 /* Build configuration list for PBXNativeTarget "OpenAdaptiveSwitch" */;
			buildPhases = (
				82B3E8D0327B9CF4430F871C /* Sources */,
				E0757B3E07FDDAA0DA10E808 /* Resources */,
				0FED895413B4C698A1D4273D /* Frameworks */,
			);
			buildRules = (
			);
			dependencies = (
			);
			name = OpenAdaptiveSwitch;
			packageProductDependencies = (
				F62D4B3AF2313FA9AD58A745 /* NordicDFU */,
			);
			productName = OpenAdaptiveSwitch;
			productReference = B65FE628B01EF506C0A7AFE1 /* OpenAdaptiveSwitch.app */;
			productType = "com.apple.product-type.application";
		};
/* End PBXNativeTarget section */

/* Begin PBXProject section */
		BF222138DE25FD5847E650E5 /* Project object */ = {
			isa = PBXProject;
			attributes = {
				BuildIndependentTargetsInParallel = YES;
				LastUpgradeCheck = 2660;
				TargetAttributes = {
					CC2DF5A0BC1A28B9D6D33857 = {
						ProvisioningStyle = Automatic;
					};
				};
			};
			buildConfigurationList = 3CD467415089D25C6E2E3E55 /* Build configuration list for PBXProject "OpenAdaptiveSwitch" */;
			developmentRegion = en;
			hasScannedForEncodings = 0;
			knownRegions = (
				Base,
				en,
			);
			mainGroup = 8F21E7176DA3A386F35F4908;
			minimizedProjectReferenceProxies = 1;
			packageReferences = (
				C3C7CBB1C73B4C5F01059464 /* XCRemoteSwiftPackageReference "IOS-DFU-Library" */,
			);
			preferredProjectObjectVersion = 77;
			productRefGroup = 762357E859866B5872A9FA10 /* Products */;
			projectDirPath = "";
			projectRoot = "";
			targets = (
				CC2DF5A0BC1A28B9D6D33857 /* OpenAdaptiveSwitch */,
			);
		};
/* End PBXProject section */

/* Begin PBXResourcesBuildPhase section */
		E0757B3E07FDDAA0DA10E808 /* Resources */ = {
			isa = PBXResourcesBuildPhase;
			buildActionMask = 2147483647;
			files = (
				3E4CF55BA1EBA88D9DA6B39E /* Assets.xcassets in Resources */,
			);
			runOnlyForDeploymentPostprocessing = 0;
		};
/* End PBXResourcesBuildPhase section */

/* Begin PBXSourcesBuildPhase section */
		82B3E8D0327B9CF4430F871C /* Sources */ = {
			isa = PBXSourcesBuildPhase;
			buildActionMask = 2147483647;
			files = (
				9E33BB467786290E118CBC12 /* Components.swift in Sources */,
				761312925EE25C45EEA4C8E7 /* DFUManager.swift in Sources */,
				C9F32D74D93052074D68A9F1 /* DeviceView.swift in Sources */,
				6215E4B65A1DCE1FBB311C91 /* FirmwareUpdateView.swift in Sources */,
				FB0BD98F0844C4CD0F8F8FF0 /* OpenAdaptiveSwitchApp.swift in Sources */,
				E1D7E299F28735DCD9C5608B /* ReleaseChecker.swift in Sources */,
				7A3AFCDF2DC4D78CE88AFE32 /* ScanView.swift in Sources */,
				FEBC219EC44B71AFB7685CAC /* SlotEditor.swift in Sources */,
				F1C4A4D120E1B760E9DDB1E3 /* SwitchManager.swift in Sources */,
				036B083DE6DD6BEACF8E419E /* SwitchProtocol.swift in Sources */,
			);
			runOnlyForDeploymentPostprocessing = 0;
		};
/* End PBXSourcesBuildPhase section */

/* Begin XCBuildConfiguration section */
		1DA43F08F7B12322A5733978 /* Release */ = {
			isa = XCBuildConfiguration;
			buildSettings = {
				ALWAYS_SEARCH_USER_PATHS = NO;
				ASSETCATALOG_COMPILER_GENERATE_SWIFT_ASSET_SYMBOL_EXTENSIONS = YES;
				CLANG_ANALYZER_NONNULL = YES;
				CLANG_ANALYZER_NUMBER_OBJECT_CONVERSION = YES_AGGRESSIVE;
				CLANG_CXX_LANGUAGE_STANDARD = "gnu++14";
				CLANG_CXX_LIBRARY = "libc++";
				CLANG_ENABLE_MODULES = YES;
				CLANG_ENABLE_OBJC_ARC = YES;
				CLANG_ENABLE_OBJC_WEAK = YES;
				CLANG_WARN_BLOCK_CAPTURE_AUTORELEASING = YES;
				CLANG_WARN_BOOL_CONVERSION = YES;
				CLANG_WARN_COMMA = YES;
				CLANG_WARN_CONSTANT_CONVERSION = YES;
				CLANG_WARN_DEPRECATED_OBJC_IMPLEMENTATIONS = YES;
				CLANG_WARN_DIRECT_OBJC_ISA_USAGE = YES_ERROR;
				CLANG_WARN_DOCUMENTATION_COMMENTS = YES;
				CLANG_WARN_EMPTY_BODY = YES;
				CLANG_WARN_ENUM_CONVERSION = YES;
				CLANG_WARN_INFINITE_RECURSION = YES;
				CLANG_WARN_INT_CONVERSION = YES;
				CLANG_WARN_NON_LITERAL_NULL_CONVERSION = YES;
				CLANG_WARN_OBJC_IMPLICIT_RETAIN_SELF = YES;
				CLANG_WARN_OBJC_LITERAL_CONVERSION = YES;
				CLANG_WARN_OBJC_ROOT_CLASS = YES_ERROR;
				CLANG_WARN_QUOTED_INCLUDE_IN_FRAMEWORK_HEADER = YES;
				CLANG_WARN_RANGE_LOOP_ANALYSIS = YES;
				CLANG_WARN_STRICT_PROTOTYPES = YES;
				CLANG_WARN_SUSPICIOUS_MOVE = YES;
				CLANG_WARN_UNGUARDED_AVAILABILITY = YES_AGGRESSIVE;
				CLANG_WARN_UNREACHABLE_CODE = YES;
				CLANG_WARN__DUPLICATE_METHOD_MATCH = YES;
				COPY_PHASE_STRIP = NO;
				DEBUG_INFORMATION_FORMAT = "dwarf-with-dsym";
				DEVELOPMENT_TEAM = NA3CQULNCM;
				ENABLE_NS_ASSERTIONS = NO;
				ENABLE_STRICT_OBJC_MSGSEND = YES;
				ENABLE_USER_SCRIPT_SANDBOXING = YES;
				GCC_C_LANGUAGE_STANDARD = gnu11;
				GCC_NO_COMMON_BLOCKS = YES;
				GCC_WARN_64_TO_32_BIT_CONVERSION = YES;
				GCC_WARN_ABOUT_RETURN_TYPE = YES_ERROR;
				GCC_WARN_UNDECLARED_SELECTOR = YES;
				GCC_WARN_UNINITIALIZED_AUTOS = YES_AGGRESSIVE;
				GCC_WARN_UNUSED_FUNCTION = YES;
				GCC_WARN_UNUSED_VARIABLE = YES;
				IPHONEOS_DEPLOYMENT_TARGET = 17.0;
				MTL_ENABLE_DEBUG_INFO = NO;
				MTL_FAST_MATH = YES;
				PRODUCT_NAME = "$(TARGET_NAME)";
				SDKROOT = iphoneos;
				STRING_CATALOG_GENERATE_SYMBOLS = YES;
				SWIFT_COMPILATION_MODE = wholemodule;
				SWIFT_OPTIMIZATION_LEVEL = "-O";
				SWIFT_VERSION = 5.0;
			};
			name = Release;
		};
		2FE025359F08A3B7BCAFD0AA /* Debug */ = {
			isa = XCBuildConfiguration;
			buildSettings = {
				ALWAYS_SEARCH_USER_PATHS = NO;
				ASSETCATALOG_COMPILER_GENERATE_SWIFT_ASSET_SYMBOL_EXTENSIONS = YES;
				CLANG_ANALYZER_NONNULL = YES;
				CLANG_ANALYZER_NUMBER_OBJECT_CONVERSION = YES_AGGRESSIVE;
				CLANG_CXX_LANGUAGE_STANDARD = "gnu++14";
				CLANG_CXX_LIBRARY = "libc++";
				CLANG_ENABLE_MODULES = YES;
				CLANG_ENABLE_OBJC_ARC = YES;
				CLANG_ENABLE_OBJC_WEAK = YES;
				CLANG_WARN_BLOCK_CAPTURE_AUTORELEASING = YES;
				CLANG_WARN_BOOL_CONVERSION = YES;
				CLANG_WARN_COMMA = YES;
				CLANG_WARN_CONSTANT_CONVERSION = YES;
				CLANG_WARN_DEPRECATED_OBJC_IMPLEMENTATIONS = YES;
				CLANG_WARN_DIRECT_OBJC_ISA_USAGE = YES_ERROR;
				CLANG_WARN_DOCUMENTATION_COMMENTS = YES;
				CLANG_WARN_EMPTY_BODY = YES;
				CLANG_WARN_ENUM_CONVERSION = YES;
				CLANG_WARN_INFINITE_RECURSION = YES;
				CLANG_WARN_INT_CONVERSION = YES;
				CLANG_WARN_NON_LITERAL_NULL_CONVERSION = YES;
				CLANG_WARN_OBJC_IMPLICIT_RETAIN_SELF = YES;
				CLANG_WARN_OBJC_LITERAL_CONVERSION = YES;
				CLANG_WARN_OBJC_ROOT_CLASS = YES_ERROR;
				CLANG_WARN_QUOTED_INCLUDE_IN_FRAMEWORK_HEADER = YES;
				CLANG_WARN_RANGE_LOOP_ANALYSIS = YES;
				CLANG_WARN_STRICT_PROTOTYPES = YES;
				CLANG_WARN_SUSPICIOUS_MOVE = YES;
				CLANG_WARN_UNGUARDED_AVAILABILITY = YES_AGGRESSIVE;
				CLANG_WARN_UNREACHABLE_CODE = YES;
				CLANG_WARN__DUPLICATE_METHOD_MATCH = YES;
				COPY_PHASE_STRIP = NO;
				DEBUG_INFORMATION_FORMAT = dwarf;
				DEVELOPMENT_TEAM = NA3CQULNCM;
				ENABLE_STRICT_OBJC_MSGSEND = YES;
				ENABLE_TESTABILITY = YES;
				ENABLE_USER_SCRIPT_SANDBOXING = YES;
				GCC_C_LANGUAGE_STANDARD = gnu11;
				GCC_DYNAMIC_NO_PIC = NO;
				GCC_NO_COMMON_BLOCKS = YES;
				GCC_OPTIMIZATION_LEVEL = 0;
				GCC_PREPROCESSOR_DEFINITIONS = (
					"$(inherited)",
					"DEBUG=1",
				);
				GCC_WARN_64_TO_32_BIT_CONVERSION = YES;
				GCC_WARN_ABOUT_RETURN_TYPE = YES_ERROR;
				GCC_WARN_UNDECLARED_SELECTOR = YES;
				GCC_WARN_UNINITIALIZED_AUTOS = YES_AGGRESSIVE;
				GCC_WARN_UNUSED_FUNCTION = YES;
				GCC_WARN_UNUSED_VARIABLE = YES;
				IPHONEOS_DEPLOYMENT_TARGET = 17.0;
				MTL_ENABLE_DEBUG_INFO = INCLUDE_SOURCE;
				MTL_FAST_MATH = YES;
				ONLY_ACTIVE_ARCH = YES;
				PRODUCT_NAME = "$(TARGET_NAME)";
				SDKROOT = iphoneos;
				STRING_CATALOG_GENERATE_SYMBOLS = YES;
				SWIFT_ACTIVE_COMPILATION_CONDITIONS = DEBUG;
				SWIFT_OPTIMIZATION_LEVEL = "-Onone";
				SWIFT_VERSION = 5.0;
			};
			name = Debug;
		};
		7ADCBFB1CCA4FFA4CF178FED /* Debug */ = {
			isa = XCBuildConfiguration;
			buildSettings = {
				ASSETCATALOG_COMPILER_APPICON_NAME = AppIcon;
				ASSETCATALOG_COMPILER_GLOBAL_ACCENT_COLOR_NAME = AccentColor;
				CODE_SIGN_IDENTITY = "iPhone Developer";
				CODE_SIGN_STYLE = Automatic;
				CURRENT_PROJECT_VERSION = 1;
				INFOPLIST_FILE = Info.plist;
				INFOPLIST_KEY_LSApplicationCategoryType = "public.app-category.utilities";
				LD_RUNPATH_SEARCH_PATHS = (
					"$(inherited)",
					"@executable_path/Frameworks",
				);
				MARKETING_VERSION = 1.0.0;
				PRODUCT_BUNDLE_IDENTIFIER = com.mikavj.openadaptiveswitch;
				SDKROOT = iphoneos;
				SWIFT_VERSION = 5.0;
				TARGETED_DEVICE_FAMILY = "1,2";
			};
			name = Debug;
		};
		98E5F9CCF72923971FC5772B /* Release */ = {
			isa = XCBuildConfiguration;
			buildSettings = {
				ASSETCATALOG_COMPILER_APPICON_NAME = AppIcon;
				ASSETCATALOG_COMPILER_GLOBAL_ACCENT_COLOR_NAME = AccentColor;
				CODE_SIGN_IDENTITY = "iPhone Developer";
				CODE_SIGN_STYLE = Automatic;
				CURRENT_PROJECT_VERSION = 1;
				INFOPLIST_FILE = Info.plist;
				INFOPLIST_KEY_LSApplicationCategoryType = "public.app-category.utilities";
				LD_RUNPATH_SEARCH_PATHS = (
					"$(inherited)",
					"@executable_path/Frameworks",
				);
				MARKETING_VERSION = 1.0.0;
				PRODUCT_BUNDLE_IDENTIFIER = com.mikavj.openadaptiveswitch;
				SDKROOT = iphoneos;
				SWIFT_VERSION = 5.0;
				TARGETED_DEVICE_FAMILY = "1,2";
			};
			name = Release;
		};
/* End XCBuildConfiguration section */

/* Begin XCConfigurationList section */
		3CD467415089D25C6E2E3E55 /* Build configuration list for PBXProject "OpenAdaptiveSwitch" */ = {
			isa = XCConfigurationList;
			buildConfigurations = (
				2FE025359F08A3B7BCAFD0AA /* Debug */,
				1DA43F08F7B12322A5733978 /* Release */,
			);
			defaultConfigurationIsVisible = 0;
			defaultConfigurationName = Debug;
		};
		5281ECDF987D2F781B1298B7 /* Build configuration list for PBXNativeTarget "OpenAdaptiveSwitch" */ = {
			isa = XCConfigurationList;
			buildConfigurations = (
				7ADCBFB1CCA4FFA4CF178FED /* Debug */,
				98E5F9CCF72923971FC5772B /* Release */,
			);
			defaultConfigurationIsVisible = 0;
			defaultConfigurationName = Debug;
		};
/* End XCConfigurationList section */

/* Begin XCRemoteSwiftPackageReference section */
		C3C7CBB1C73B4C5F01059464 /* XCRemoteSwiftPackageReference "IOS-DFU-Library" */ = {
			isa = XCRemoteSwiftPackageReference;
			repositoryURL = "https://github.com/NordicSemiconductor/IOS-DFU-Library";
			requirement = {
				kind = upToNextMajorVersion;
				minimumVersion = 4.16.0;
			};
		};
/* End XCRemoteSwiftPackageReference section */

/* Begin XCSwiftPackageProductDependency section */
		F62D4B3AF2313FA9AD58A745 /* NordicDFU */ = {
			isa = XCSwiftPackageProductDependency;
			package = C3C7CBB1C73B4C5F01059464 /* XCRemoteSwiftPackageReference "IOS-DFU-Library" */;
			productName = NordicDFU;
		};
/* End XCSwiftPackageProductDependency section */
	};
	rootObject = BF222138DE25FD5847E650E5 /* Project object */;
}
