// !$*UTF8*$!
{
	archiveVersion = 1;
	classes = {
	};
	objectVersion = 77;
	objects = {

/* Begin PBXBuildFile section */
		145E1BB1E545A633D78CEB98 /* FirmwareUpdateView.swift in Sources */ = {isa = PBXBuildFile; fileRef = B32C5DAE436356D0619D9CB2 /* FirmwareUpdateView.swift */; };
		158040D7915ED781E2217FDE /* DeviceView.swift in Sources */ = {isa = PBXBuildFile; fileRef = D7508635DAEFBFD4FD69822C /* DeviceView.swift */; };
		2B1614B5F51BA08FD2A1CD3F /* Components.swift in Sources */ = {isa = PBXBuildFile; fileRef = BDF857292B8224100E236C9D /* Components.swift */; };
		6A47C186656DC2945863AEC1 /* SwitchProtocol.swift in Sources */ = {isa = PBXBuildFile; fileRef = 97590E2483650BBF1DBDB656 /* SwitchProtocol.swift */; };
		8636F8BA03130652C6972B51 /* DFUManager.swift in Sources */ = {isa = PBXBuildFile; fileRef = D989CCB55A4FAFEF0D80990E /* DFUManager.swift */; };
		9DAC119705706CEA1CBB62E1 /* ReleaseChecker.swift in Sources */ = {isa = PBXBuildFile; fileRef = C05B194839B7D81FE86ECADC /* ReleaseChecker.swift */; };
		A328589071FD0441E1053CB7 /* AdaptSwitchApp.swift in Sources */ = {isa = PBXBuildFile; fileRef = E65A5FB61CE40BA3333B0698 /* AdaptSwitchApp.swift */; };
		AACADAEF617B441C303102E8 /* KeyPickerView.swift in Sources */ = {isa = PBXBuildFile; fileRef = B183D9AE11C987D08CE39491 /* KeyPickerView.swift */; };
		C8A39482138E7E654FEE86E9 /* ScanView.swift in Sources */ = {isa = PBXBuildFile; fileRef = 38D7E078D35C90D1EBCBAB48 /* ScanView.swift */; };
		CF5F05C3A4AC827E06C9CA4C /* SwitchManager.swift in Sources */ = {isa = PBXBuildFile; fileRef = 24A309B5F2580C3F8C0246F3 /* SwitchManager.swift */; };
		E48945BC7A92012D2154D4BA /* NordicDFU in Frameworks */ = {isa = PBXBuildFile; productRef = DF59A36B1C81205CBFA2139C /* NordicDFU */; };
		F13DD1A53B3A41E4F6CB1E1E /* Assets.xcassets in Resources */ = {isa = PBXBuildFile; fileRef = 6009C7B3EBF89C5873FF3987 /* Assets.xcassets */; };
/* End PBXBuildFile section */

/* Begin PBXFileReference section */
		24A309B5F2580C3F8C0246F3 /* SwitchManager.swift */ = {isa = PBXFileReference; lastKnownFileType = sourcecode.swift; path = SwitchManager.swift; sourceTree = "<group>"; };
		38D7E078D35C90D1EBCBAB48 /* ScanView.swift */ = {isa = PBXFileReference; lastKnownFileType = sourcecode.swift; path = ScanView.swift; sourceTree = "<group>"; };
		6009C7B3EBF89C5873FF3987 /* Assets.xcassets */ = {isa = PBXFileReference; lastKnownFileType = folder.assetcatalog; path = Assets.xcassets; sourceTree = "<group>"; };
		97590E2483650BBF1DBDB656 /* SwitchProtocol.swift */ = {isa = PBXFileReference; lastKnownFileType = sourcecode.swift; path = SwitchProtocol.swift; sourceTree = "<group>"; };
		B183D9AE11C987D08CE39491 /* KeyPickerView.swift */ = {isa = PBXFileReference; lastKnownFileType = sourcecode.swift; path = KeyPickerView.swift; sourceTree = "<group>"; };
		B32C5DAE436356D0619D9CB2 /* FirmwareUpdateView.swift */ = {isa = PBXFileReference; lastKnownFileType = sourcecode.swift; path = FirmwareUpdateView.swift; sourceTree = "<group>"; };
		BDF857292B8224100E236C9D /* Components.swift */ = {isa = PBXFileReference; lastKnownFileType = sourcecode.swift; path = Components.swift; sourceTree = "<group>"; };
		C05B194839B7D81FE86ECADC /* ReleaseChecker.swift */ = {isa = PBXFileReference; lastKnownFileType = sourcecode.swift; path = ReleaseChecker.swift; sourceTree = "<group>"; };
		D7508635DAEFBFD4FD69822C /* DeviceView.swift */ = {isa = PBXFileReference; lastKnownFileType = sourcecode.swift; path = DeviceView.swift; sourceTree = "<group>"; };
		D989CCB55A4FAFEF0D80990E /* DFUManager.swift */ = {isa = PBXFileReference; lastKnownFileType = sourcecode.swift; path = DFUManager.swift; sourceTree = "<group>"; };
		E65A5FB61CE40BA3333B0698 /* AdaptSwitchApp.swift */ = {isa = PBXFileReference; lastKnownFileType = sourcecode.swift; path = AdaptSwitchApp.swift; sourceTree = "<group>"; };
		FA66E392A969B8228DB38F7F /* AdaptSwitch.app */ = {isa = PBXFileReference; includeInIndex = 0; lastKnownFileType = wrapper.application; path = AdaptSwitch.app; sourceTree = BUILT_PRODUCTS_DIR; };
/* End PBXFileReference section */

/* Begin PBXFrameworksBuildPhase section */
		D08AF1CC9C15330CFB28CC25 /* Frameworks */ = {
			isa = PBXFrameworksBuildPhase;
			buildActionMask = 2147483647;
			files = (
				E48945BC7A92012D2154D4BA /* NordicDFU in Frameworks */,
			);
			runOnlyForDeploymentPostprocessing = 0;
		};
/* End PBXFrameworksBuildPhase section */

/* Begin PBXGroup section */
		092F7AA50B69E1BB7A2A19D4 = {
			isa = PBXGroup;
			children = (
				8D3A2A0EEB3548166B957ECA /* Sources */,
				60B3EEB303E0AEEA1009DE69 /* Products */,
			);
			sourceTree = "<group>";
		};
		4BE0B9E06607890BD6DABB6B /* Model */ = {
			isa = PBXGroup;
			children = (
				D989CCB55A4FAFEF0D80990E /* DFUManager.swift */,
				C05B194839B7D81FE86ECADC /* ReleaseChecker.swift */,
				24A309B5F2580C3F8C0246F3 /* SwitchManager.swift */,
				97590E2483650BBF1DBDB656 /* SwitchProtocol.swift */,
			);
			path = Model;
			sourceTree = "<group>";
		};
		60B3EEB303E0AEEA1009DE69 /* Products */ = {
			isa = PBXGroup;
			children = (
				FA66E392A969B8228DB38F7F /* AdaptSwitch.app */,
			);
			name = Products;
			sourceTree = "<group>";
		};
		8D3A2A0EEB3548166B957ECA /* Sources */ = {
			isa = PBXGroup;
			children = (
				E65A5FB61CE40BA3333B0698 /* AdaptSwitchApp.swift */,
				6009C7B3EBF89C5873FF3987 /* Assets.xcassets */,
				4BE0B9E06607890BD6DABB6B /* Model */,
				C45688767A38D2C6AA0C85FA /* Views */,
			);
			path = Sources;
			sourceTree = "<group>";
		};
		C45688767A38D2C6AA0C85FA /* Views */ = {
			isa = PBXGroup;
			children = (
				BDF857292B8224100E236C9D /* Components.swift */,
				D7508635DAEFBFD4FD69822C /* DeviceView.swift */,
				B32C5DAE436356D0619D9CB2 /* FirmwareUpdateView.swift */,
				B183D9AE11C987D08CE39491 /* KeyPickerView.swift */,
				38D7E078D35C90D1EBCBAB48 /* ScanView.swift */,
			);
			path = Views;
			sourceTree = "<group>";
		};
/* End PBXGroup section */

/* Begin PBXNativeTarget section */
		EFC5B7382F443E3614BEA1F7 /* AdaptSwitch */ = {
			isa = PBXNativeTarget;
			buildConfigurationList = E2E60D7873FB0B5BDBF36C61 /* Build configuration list for PBXNativeTarget "AdaptSwitch" */;
			buildPhases = (
				D856F11103A80F9B021DA66D /* Sources */,
				71E9F4CBA2799924CDA26F8F /* Resources */,
				D08AF1CC9C15330CFB28CC25 /* Frameworks */,
			);
			buildRules = (
			);
			dependencies = (
			);
			name = AdaptSwitch;
			packageProductDependencies = (
				DF59A36B1C81205CBFA2139C /* NordicDFU */,
			);
			productName = AdaptSwitch;
			productReference = FA66E392A969B8228DB38F7F /* AdaptSwitch.app */;
			productType = "com.apple.product-type.application";
		};
/* End PBXNativeTarget section */

/* Begin PBXProject section */
		A9FF4F307CD3E2B27D6155B1 /* Project object */ = {
			isa = PBXProject;
			attributes = {
				BuildIndependentTargetsInParallel = YES;
				LastUpgradeCheck = 1430;
				TargetAttributes = {
					EFC5B7382F443E3614BEA1F7 = {
						ProvisioningStyle = Automatic;
					};
				};
			};
			buildConfigurationList = 14464968ED62E1FA2E9014C0 /* Build configuration list for PBXProject "AdaptSwitch" */;
			developmentRegion = en;
			hasScannedForEncodings = 0;
			knownRegions = (
				Base,
				en,
			);
			mainGroup = 092F7AA50B69E1BB7A2A19D4;
			minimizedProjectReferenceProxies = 1;
			packageReferences = (
				7595B81657EFB76EDBFC951F /* XCRemoteSwiftPackageReference "IOS-DFU-Library" */,
			);
			preferredProjectObjectVersion = 77;
			productRefGroup = 60B3EEB303E0AEEA1009DE69 /* Products */;
			projectDirPath = "";
			projectRoot = "";
			targets = (
				EFC5B7382F443E3614BEA1F7 /* AdaptSwitch */,
			);
		};
/* End PBXProject section */

/* Begin PBXResourcesBuildPhase section */
		71E9F4CBA2799924CDA26F8F /* Resources */ = {
			isa = PBXResourcesBuildPhase;
			buildActionMask = 2147483647;
			files = (
				F13DD1A53B3A41E4F6CB1E1E /* Assets.xcassets in Resources */,
			);
			runOnlyForDeploymentPostprocessing = 0;
		};
/* End PBXResourcesBuildPhase section */

/* Begin PBXSourcesBuildPhase section */
		D856F11103A80F9B021DA66D /* Sources */ = {
			isa = PBXSourcesBuildPhase;
			buildActionMask = 2147483647;
			files = (
				A328589071FD0441E1053CB7 /* AdaptSwitchApp.swift in Sources */,
				2B1614B5F51BA08FD2A1CD3F /* Components.swift in Sources */,
				8636F8BA03130652C6972B51 /* DFUManager.swift in Sources */,
				158040D7915ED781E2217FDE /* DeviceView.swift in Sources */,
				145E1BB1E545A633D78CEB98 /* FirmwareUpdateView.swift in Sources */,
				AACADAEF617B441C303102E8 /* KeyPickerView.swift in Sources */,
				9DAC119705706CEA1CBB62E1 /* ReleaseChecker.swift in Sources */,
				C8A39482138E7E654FEE86E9 /* ScanView.swift in Sources */,
				CF5F05C3A4AC827E06C9CA4C /* SwitchManager.swift in Sources */,
				6A47C186656DC2945863AEC1 /* SwitchProtocol.swift in Sources */,
			);
			runOnlyForDeploymentPostprocessing = 0;
		};
/* End PBXSourcesBuildPhase section */

/* Begin XCBuildConfiguration section */
		34204F77416A1098641B2095 /* Debug */ = {
			isa = XCBuildConfiguration;
			buildSettings = {
				ASSETCATALOG_COMPILER_APPICON_NAME = AppIcon;
				ASSETCATALOG_COMPILER_GLOBAL_ACCENT_COLOR_NAME = AccentColor;
				CODE_SIGN_IDENTITY = "iPhone Developer";
				CODE_SIGN_STYLE = Automatic;
				CURRENT_PROJECT_VERSION = 1;
				INFOPLIST_FILE = Info.plist;
				LD_RUNPATH_SEARCH_PATHS = (
					"$(inherited)",
					"@executable_path/Frameworks",
				);
				MARKETING_VERSION = 1.0.0;
				PRODUCT_BUNDLE_IDENTIFIER = com.mikavj.adaptswitch;
				SDKROOT = iphoneos;
				SWIFT_VERSION = 5.0;
				TARGETED_DEVICE_FAMILY = "1,2";
			};
			name = Debug;
		};
		3A81B2A7536155F07280429D /* Debug */ = {
			isa = XCBuildConfiguration;
			buildSettings = {
				ALWAYS_SEARCH_USER_PATHS = NO;
				CLANG_ANALYZER_NONNULL = YES;
				CLANG_ANALYZER_NUMBER_OBJECT_CONVERSION = YES_AGGRESSIVE;
				CLANG_CXX_LANGUAGE_STANDARD = "gnu++14";
				CLANG_CXX_LIBRARY = "libc++";
				CLANG_ENABLE_MODULES = YES;
				CLANG_ENABLE_OBJC_ARC = YES;
				CLANG_ENABLE_OBJC_WEAK = YES;
				CLANG_WARN_BLOCK_CAPTURE_AUTORELEASING = YES;
				CLANG_WARN_BOOL_CONVERSION = YES;
				CLANG_WARN_COMMA = YES;
				CLANG_WARN_CONSTANT_CONVERSION = YES;
				CLANG_WARN_DEPRECATED_OBJC_IMPLEMENTATIONS = YES;
				CLANG_WARN_DIRECT_OBJC_ISA_USAGE = YES_ERROR;
				CLANG_WARN_DOCUMENTATION_COMMENTS = YES;
				CLANG_WARN_EMPTY_BODY = YES;
				CLANG_WARN_ENUM_CONVERSION = YES;
				CLANG_WARN_INFINITE_RECURSION = YES;
				CLANG_WARN_INT_CONVERSION = YES;
				CLANG_WARN_NON_LITERAL_NULL_CONVERSION = YES;
				CLANG_WARN_OBJC_IMPLICIT_RETAIN_SELF = YES;
				CLANG_WARN_OBJC_LITERAL_CONVERSION = YES;
				CLANG_WARN_OBJC_ROOT_CLASS = YES_ERROR;
				CLANG_WARN_QUOTED_INCLUDE_IN_FRAMEWORK_HEADER = YES;
				CLANG_WARN_RANGE_LOOP_ANALYSIS = YES;
				CLANG_WARN_STRICT_PROTOTYPES = YES;
				CLANG_WARN_SUSPICIOUS_MOVE = YES;
				CLANG_WARN_UNGUARDED_AVAILABILITY = YES_AGGRESSIVE;
				CLANG_WARN_UNREACHABLE_CODE = YES;
				CLANG_WARN__DUPLICATE_METHOD_MATCH = YES;
				COPY_PHASE_STRIP = NO;
				DEBUG_INFORMATION_FORMAT = dwarf;
				ENABLE_STRICT_OBJC_MSGSEND = YES;
				ENABLE_TESTABILITY = YES;
				GCC_C_LANGUAGE_STANDARD = gnu11;
				GCC_DYNAMIC_NO_PIC = NO;
				GCC_NO_COMMON_BLOCKS = YES;
				GCC_OPTIMIZATION_LEVEL = 0;
				GCC_PREPROCESSOR_DEFINITIONS = (
					"$(inherited)",
					"DEBUG=1",
				);
				GCC_WARN_64_TO_32_BIT_CONVERSION = YES;
				GCC_WARN_ABOUT_RETURN_TYPE = YES_ERROR;
				GCC_WARN_UNDECLARED_SELECTOR = YES;
				GCC_WARN_UNINITIALIZED_AUTOS = YES_AGGRESSIVE;
				GCC_WARN_UNUSED_FUNCTION = YES;
				GCC_WARN_UNUSED_VARIABLE = YES;
				IPHONEOS_DEPLOYMENT_TARGET = 17.0;
				MTL_ENABLE_DEBUG_INFO = INCLUDE_SOURCE;
				MTL_FAST_MATH = YES;
				ONLY_ACTIVE_ARCH = YES;
				PRODUCT_NAME = "$(TARGET_NAME)";
				SDKROOT = iphoneos;
				SWIFT_ACTIVE_COMPILATION_CONDITIONS = DEBUG;
				SWIFT_OPTIMIZATION_LEVEL = "-Onone";
				SWIFT_VERSION = 5.0;
			};
			name = Debug;
		};
		94123F6FB6BE626D6BB7BDA4 /* Release */ = {
			isa = XCBuildConfiguration;
			buildSettings = {
				ASSETCATALOG_COMPILER_APPICON_NAME = AppIcon;
				ASSETCATALOG_COMPILER_GLOBAL_ACCENT_COLOR_NAME = AccentColor;
				CODE_SIGN_IDENTITY = "iPhone Developer";
				CODE_SIGN_STYLE = Automatic;
				CURRENT_PROJECT_VERSION = 1;
				INFOPLIST_FILE = Info.plist;
				LD_RUNPATH_SEARCH_PATHS = (
					"$(inherited)",
					"@executable_path/Frameworks",
				);
				MARKETING_VERSION = 1.0.0;
				PRODUCT_BUNDLE_IDENTIFIER = com.mikavj.adaptswitch;
				SDKROOT = iphoneos;
				SWIFT_VERSION = 5.0;
				TARGETED_DEVICE_FAMILY = "1,2";
			};
			name = Release;
		};
		AD21CF31C61F6F5B21805E9C /* Release */ = {
			isa = XCBuildConfiguration;
			buildSettings = {
				ALWAYS_SEARCH_USER_PATHS = NO;
				CLANG_ANALYZER_NONNULL = YES;
				CLANG_ANALYZER_NUMBER_OBJECT_CONVERSION = YES_AGGRESSIVE;
				CLANG_CXX_LANGUAGE_STANDARD = "gnu++14";
				CLANG_CXX_LIBRARY = "libc++";
				CLANG_ENABLE_MODULES = YES;
				CLANG_ENABLE_OBJC_ARC = YES;
				CLANG_ENABLE_OBJC_WEAK = YES;
				CLANG_WARN_BLOCK_CAPTURE_AUTORELEASING = YES;
				CLANG_WARN_BOOL_CONVERSION = YES;
				CLANG_WARN_COMMA = YES;
				CLANG_WARN_CONSTANT_CONVERSION = YES;
				CLANG_WARN_DEPRECATED_OBJC_IMPLEMENTATIONS = YES;
				CLANG_WARN_DIRECT_OBJC_ISA_USAGE = YES_ERROR;
				CLANG_WARN_DOCUMENTATION_COMMENTS = YES;
				CLANG_WARN_EMPTY_BODY = YES;
				CLANG_WARN_ENUM_CONVERSION = YES;
				CLANG_WARN_INFINITE_RECURSION = YES;
				CLANG_WARN_INT_CONVERSION = YES;
				CLANG_WARN_NON_LITERAL_NULL_CONVERSION = YES;
				CLANG_WARN_OBJC_IMPLICIT_RETAIN_SELF = YES;
				CLANG_WARN_OBJC_LITERAL_CONVERSION = YES;
				CLANG_WARN_OBJC_ROOT_CLASS = YES_ERROR;
				CLANG_WARN_QUOTED_INCLUDE_IN_FRAMEWORK_HEADER = YES;
				CLANG_WARN_RANGE_LOOP_ANALYSIS = YES;
				CLANG_WARN_STRICT_PROTOTYPES = YES;
				CLANG_WARN_SUSPICIOUS_MOVE = YES;
				CLANG_WARN_UNGUARDED_AVAILABILITY = YES_AGGRESSIVE;
				CLANG_WARN_UNREACHABLE_CODE = YES;
				CLANG_WARN__DUPLICATE_METHOD_MATCH = YES;
				COPY_PHASE_STRIP = NO;
				DEBUG_INFORMATION_FORMAT = "dwarf-with-dsym";
				ENABLE_NS_ASSERTIONS = NO;
				ENABLE_STRICT_OBJC_MSGSEND = YES;
				GCC_C_LANGUAGE_STANDARD = gnu11;
				GCC_NO_COMMON_BLOCKS = YES;
				GCC_WARN_64_TO_32_BIT_CONVERSION = YES;
				GCC_WARN_ABOUT_RETURN_TYPE = YES_ERROR;
				GCC_WARN_UNDECLARED_SELECTOR = YES;
				GCC_WARN_UNINITIALIZED_AUTOS = YES_AGGRESSIVE;
				GCC_WARN_UNUSED_FUNCTION = YES;
				GCC_WARN_UNUSED_VARIABLE = YES;
				IPHONEOS_DEPLOYMENT_TARGET = 17.0;
				MTL_ENABLE_DEBUG_INFO = NO;
				MTL_FAST_MATH = YES;
				PRODUCT_NAME = "$(TARGET_NAME)";
				SDKROOT = iphoneos;
				SWIFT_COMPILATION_MODE = wholemodule;
				SWIFT_OPTIMIZATION_LEVEL = "-O";
				SWIFT_VERSION = 5.0;
			};
			name = Release;
		};
/* End XCBuildConfiguration section */

/* Begin XCConfigurationList section */
		14464968ED62E1FA2E9014C0 /* Build configuration list for PBXProject "AdaptSwitch" */ = {
			isa = XCConfigurationList;
			buildConfigurations = (
				3A81B2A7536155F07280429D /* Debug */,
				AD21CF31C61F6F5B21805E9C /* Release */,
			);
			defaultConfigurationIsVisible = 0;
			defaultConfigurationName = Debug;
		};
		E2E60D7873FB0B5BDBF36C61 /* Build configuration list for PBXNativeTarget "AdaptSwitch" */ = {
			isa = XCConfigurationList;
			buildConfigurations = (
				34204F77416A1098641B2095 /* Debug */,
				94123F6FB6BE626D6BB7BDA4 /* Release */,
			);
			defaultConfigurationIsVisible = 0;
			defaultConfigurationName = Debug;
		};
/* End XCConfigurationList section */

/* Begin XCRemoteSwiftPackageReference section */
		7595B81657EFB76EDBFC951F /* XCRemoteSwiftPackageReference "IOS-DFU-Library" */ = {
			isa = XCRemoteSwiftPackageReference;
			repositoryURL = "https://github.com/NordicSemiconductor/IOS-DFU-Library";
			requirement = {
				kind = upToNextMajorVersion;
				minimumVersion = 4.16.0;
			};
		};
/* End XCRemoteSwiftPackageReference section */

/* Begin XCSwiftPackageProductDependency section */
		DF59A36B1C81205CBFA2139C /* NordicDFU */ = {
			isa = XCSwiftPackageProductDependency;
			package = 7595B81657EFB76EDBFC951F /* XCRemoteSwiftPackageReference "IOS-DFU-Library" */;
			productName = NordicDFU;
		};
/* End XCSwiftPackageProductDependency section */
	};
	rootObject = A9FF4F307CD3E2B27D6155B1 /* Project object */;
}
